// !$*UTF8*$!
{
	archiveVersion = 1;
	classes = {
	};
	objectVersion = 46;
	objects = {

/* Begin PBXBuildFile section */
		0641ADC21CAAC7650069559F /* main.m in Sources */ = {isa = PBXBuildFile; fileRef = 0641ADC11CAAC7650069559F /* main.m */; };
		0641ADC51CAAC7650069559F /* AppDelegate.m in Sources */ = {isa = PBXBuildFile; fileRef = 0641ADC41CAAC7650069559F /* AppDelegate.m */; };
		0641ADC81CAAC7650069559F /* ViewController.m in Sources */ = {isa = PBXBuildFile; fileRef = 0641ADC71CAAC7650069559F /* ViewController.m */; };
		0641ADCB1CAAC7650069559F /* Main.storyboard in Resources */ = {isa = PBXBuildFile; fileRef = 0641ADC91CAAC7650069559F /* Main.storyboard */; };
		0641ADCD1CAAC7650069559F /* Assets.xcassets in Resources */ = {isa = PBXBuildFile; fileRef = 0641ADCC1CAAC7650069559F /* Assets.xcassets */; };
		0641ADD01CAAC7650069559F /* LaunchScreen.storyboard in Resources */ = {isa = PBXBuildFile; fileRef = 0641ADCE1CAAC7650069559F /* LaunchScreen.storyboard */; };
		0641ADDA1CAAD1E60069559F /* NewsViewController.m in Sources */ = {isa = PBXBuildFile; fileRef = 0641ADD81CAAD1E60069559F /* NewsViewController.m */; };
		0641ADDF1CAD67EC0069559F /* HttpTool.m in Sources */ = {isa = PBXBuildFile; fileRef = 0641ADDE1CAD67EC0069559F /* HttpTool.m */; };
		0641ADE11CAD72C90069559F /* test.jpg in Resources */ = {isa = PBXBuildFile; fileRef = 0641ADE01CAD72C90069559F /* test.jpg */; };
		0641ADE31CAD74D20069559F /* 81.jpg in Resources */ = {isa = PBXBuildFile; fileRef = 0641ADE21CAD74D20069559F /* 81.jpg */; };
		494D22E21CACCEFB0069CCAE /* FirstTableViewCell.m in Sources */ = {isa = PBXBuildFile; fileRef = 494D22E01CACCEFB0069CCAE /* FirstTableViewCell.m */; };
		494D22E31CACCEFB0069CCAE /* FirstTableViewCell.xib in Resources */ = {isa = PBXBuildFile; fileRef = 494D22E11CACCEFB0069CCAE /* FirstTableViewCell.xib */; };
		499CC8601CC0C8F30055680D /* UIImageView+Category.m in Sources */ = {isa = PBXBuildFile; fileRef = 499CC85F1CC0C8F30055680D /* UIImageView+Category.m */; };
		499CC8641CC0DE000055680D /* PictureTableViewCell.m in Sources */ = {isa = PBXBuildFile; fileRef = 499CC8621CC0DE000055680D /* PictureTableViewCell.m */; };
		499CC8651CC0DE000055680D /* PictureTableViewCell.xib in Resources */ = {isa = PBXBuildFile; fileRef = 499CC8631CC0DE000055680D /* PictureTableViewCell.xib */; };
		499FA4541CDDEEDE00D49190 /* covernewscell_editor_default@2x.png in Resources */ = {isa = PBXBuildFile; fileRef = 499FA4531CDDEEDE00D49190 /* covernewscell_editor_default@2x.png */; };
		49A2655E1CC256D600717D59 /* NewsDetailTableViewController.m in Sources */ = {isa = PBXBuildFile; fileRef = 49A2655D1CC256D600717D59 /* NewsDetailTableViewController.m */; };
		49A4817F1CC8A7C600FF4067 /* icon_back@2x.png in Resources */ = {isa = PBXBuildFile; fileRef = 49A4817D1CC8A7C600FF4067 /* icon_back@2x.png */; };
		49A481801CC8A7C600FF4067 /* icon_back_highlighted@2x.png in Resources */ = {isa = PBXBuildFile; fileRef = 49A4817E1CC8A7C600FF4067 /* icon_back_highlighted@2x.png */; };
		49A481831CC8C06B00FF4067 /* contentview_commentbacky_selected@2x.png in Resources */ = {isa = PBXBuildFile; fileRef = 49A481811CC8C06B00FF4067 /* contentview_commentbacky_selected@2x.png */; };
		49A481841CC8C06B00FF4067 /* contentview_commentbacky@2x.png in Resources */ = {isa = PBXBuildFile; fileRef = 49A481821CC8C06B00FF4067 /* contentview_commentbacky@2x.png */; };
		49A481881CC8D03700FF4067 /* ConversationViewController.m in Sources */ = {isa = PBXBuildFile; fileRef = 49A481871CC8D03700FF4067 /* ConversationViewController.m */; };
		49AD37191CCDBF6200DBF2F6 /* ConversationTableViewCell.m in Sources */ = {isa = PBXBuildFile; fileRef = 49AD37181CCDBF6200DBF2F6 /* ConversationTableViewCell.m */; };
		49AD37281CCDF23E00DBF2F6 /* AFHTTPSessionManager.m in Sources */ = {isa = PBXBuildFile; fileRef = 49AD371C1CCDF23E00DBF2F6 /* AFHTTPSessionManager.m */; };
		49AD37291CCDF23E00DBF2F6 /* AFNetworkReachabilityManager.m in Sources */ = {isa = PBXBuildFile; fileRef = 49AD371F1CCDF23E00DBF2F6 /* AFNetworkReachabilityManager.m */; };
		49AD372A1CCDF23E00DBF2F6 /* AFSecurityPolicy.m in Sources */ = {isa = PBXBuildFile; fileRef = 49AD37211CCDF23E00DBF2F6 /* AFSecurityPolicy.m */; };
		49AD372B1CCDF23E00DBF2F6 /* AFURLRequestSerialization.m in Sources */ = {isa = PBXBuildFile; fileRef = 49AD37231CCDF23E00DBF2F6 /* AFURLRequestSerialization.m */; };
		49AD372C1CCDF23E00DBF2F6 /* AFURLResponseSerialization.m in Sources */ = {isa = PBXBuildFile; fileRef = 49AD37251CCDF23E00DBF2F6 /* AFURLResponseSerialization.m */; };
		49AD372D1CCDF23E00DBF2F6 /* AFURLSessionManager.m in Sources */ = {isa = PBXBuildFile; fileRef = 49AD37271CCDF23E00DBF2F6 /* AFURLSessionManager.m */; };
		49AD37301CCE1A6100DBF2F6 /* ConversationView.m in Sources */ = {isa = PBXBuildFile; fileRef = 49AD372F1CCE1A6100DBF2F6 /* ConversationView.m */; };
		49B230B71CBF3ACE00FEF3C1 /* NewsTableViewController.m in Sources */ = {isa = PBXBuildFile; fileRef = 49B230B61CBF3ACE00FEF3C1 /* NewsTableViewController.m */; };
		49B3BFA91CD06F6900DFAC88 /* channel_nav_plus@2x.png in Resources */ = {isa = PBXBuildFile; fileRef = 49B3BFA71CD06F6900DFAC88 /* channel_nav_plus@2x.png */; };
		49B3BFAA1CD06F6900DFAC88 /* home_header_add_slim@2x.png in Resources */ = {isa = PBXBuildFile; fileRef = 49B3BFA81CD06F6900DFAC88 /* home_header_add_slim@2x.png */; };
		49B3BFB51CD08D4200DFAC88 /* tabbar_icon_reader_normal@2x.png in Resources */ = {isa = PBXBuildFile; fileRef = 49B3BFAB1CD08D4200DFAC88 /* tabbar_icon_reader_normal@2x.png */; };
		49B3BFB61CD08D4200DFAC88 /* tabbar_icon_bar_highlight@2x.png in Resources */ = {isa = PBXBuildFile; fileRef = 49B3BFAC1CD08D4200DFAC88 /* tabbar_icon_bar_highlight@2x.png */; };
		49B3BFB71CD08D4200DFAC88 /* tabbar_icon_bar_normal@2x.png in Resources */ = {isa = PBXBuildFile; fileRef = 49B3BFAD1CD08D4200DFAC88 /* tabbar_icon_bar_normal@2x.png */; };
		49B3BFB81CD08D4200DFAC88 /* tabbar_icon_media_highlight@2x.png in Resources */ = {isa = PBXBuildFile; fileRef = 49B3BFAE1CD08D4200DFAC88 /* tabbar_icon_media_highlight@2x.png */; };
		49B3BFB91CD08D4200DFAC88 /* tabbar_icon_me_highlight@2x.png in Resources */ = {isa = PBXBuildFile; fileRef = 49B3BFAF1CD08D4200DFAC88 /* tabbar_icon_me_highlight@2x.png */; };
		49B3BFBA1CD08D4200DFAC88 /* tabbar_icon_media_normal@2x.png in Resources */ = {isa = PBXBuildFile; fileRef = 49B3BFB01CD08D4200DFAC88 /* tabbar_icon_media_normal@2x.png */; };
		49B3BFBB1CD08D4200DFAC88 /* tabbar_icon_me_normal@2x.png in Resources */ = {isa = PBXBuildFile; fileRef = 49B3BFB11CD08D4200DFAC88 /* tabbar_icon_me_normal@2x.png */; };
		49B3BFBC1CD08D4200DFAC88 /* tabbar_icon_news_normal@2x.png in Resources */ = {isa = PBXBuildFile; fileRef = 49B3BFB21CD08D4200DFAC88 /* tabbar_icon_news_normal@2x.png */; };
		49B3BFBD1CD08D4200DFAC88 /* tabbar_icon_reader_highlight@2x.png in Resources */ = {isa = PBXBuildFile; fileRef = 49B3BFB31CD08D4200DFAC88 /* tabbar_icon_reader_highlight@2x.png */; };
		49B3BFBE1CD08D4200DFAC88 /* tabbar_icon_news_highlight@2x.png in Resources */ = {isa = PBXBuildFile; fileRef = 49B3BFB41CD08D4200DFAC88 /* tabbar_icon_news_highlight@2x.png */; };
		49B497C91CC9F45200A0F173 /* NSString+UUID.m in Sources */ = {isa = PBXBuildFile; fileRef = 49B497C81CC9F45200A0F173 /* NSString+UUID.m */; };
		49B497CE1CCA2DF700A0F173 /* search_icon@2x.png in Resources */ = {isa = PBXBuildFile; fileRef = 49B497CD1CCA2DF700A0F173 /* search_icon@2x.png */; };
		49B497D01CCA2FFE00A0F173 /* awardeditor_coins_small@2x.png in Resources */ = {isa = PBXBuildFile; fileRef = 49B497CF1CCA2FFE00A0F173 /* awardeditor_coins_small@2x.png */; };
		49B497D41CCA396000A0F173 /* SearchViewController.m in Sources */ = {isa = PBXBuildFile; fileRef = 49B497D31CCA396000A0F173 /* SearchViewController.m */; };
		49B497D61CCA39CE00A0F173 /* CustomBarView.xib in Resources */ = {isa = PBXBuildFile; fileRef = 49B497D51CCA39CE00A0F173 /* CustomBarView.xib */; };
		49B497D91CCA3AF400A0F173 /* CustomBarView.m in Sources */ = {isa = PBXBuildFile; fileRef = 49B497D81CCA3AF400A0F173 /* CustomBarView.m */; };
		49BAF4551CC766B8009D5FF2 /* VideoInfo.m in Sources */ = {isa = PBXBuildFile; fileRef = 49BAF4541CC766B8009D5FF2 /* VideoInfo.m */; };
		49BAF4581CC7679F009D5FF2 /* ImageInfo.m in Sources */ = {isa = PBXBuildFile; fileRef = 49BAF4571CC7679F009D5FF2 /* ImageInfo.m */; };
		49BAF45A1CC768B5009D5FF2 /* WebViewHtml.html in Resources */ = {isa = PBXBuildFile; fileRef = 49BAF4591CC768B5009D5FF2 /* WebViewHtml.html */; };
		49BAF47D1CC7718E009D5FF2 /* MKAnnotationView+WebCache.m in Sources */ = {isa = PBXBuildFile; fileRef = 49BAF45D1CC7718E009D5FF2 /* MKAnnotationView+WebCache.m */; };
		49BAF47E1CC7718E009D5FF2 /* NSData+ImageContentType.m in Sources */ = {isa = PBXBuildFile; fileRef = 49BAF45F1CC7718E009D5FF2 /* NSData+ImageContentType.m */; };
		49BAF47F1CC7718E009D5FF2 /* SDImageCache.m in Sources */ = {isa = PBXBuildFile; fileRef = 49BAF4611CC7718E009D5FF2 /* SDImageCache.m */; };
		49BAF4801CC7718E009D5FF2 /* SDWebImageCompat.m in Sources */ = {isa = PBXBuildFile; fileRef = 49BAF4631CC7718E009D5FF2 /* SDWebImageCompat.m */; };
		49BAF4811CC7718E009D5FF2 /* SDWebImageDecoder.m in Sources */ = {isa = PBXBuildFile; fileRef = 49BAF4651CC7718E009D5FF2 /* SDWebImageDecoder.m */; };
		49BAF4821CC7718E009D5FF2 /* SDWebImageDownloader.m in Sources */ = {isa = PBXBuildFile; fileRef = 49BAF4671CC7718E009D5FF2 /* SDWebImageDownloader.m */; };
		49BAF4831CC7718E009D5FF2 /* SDWebImageDownloaderOperation.m in Sources */ = {isa = PBXBuildFile; fileRef = 49BAF4691CC7718E009D5FF2 /* SDWebImageDownloaderOperation.m */; };
		49BAF4841CC7718E009D5FF2 /* SDWebImageManager.m in Sources */ = {isa = PBXBuildFile; fileRef = 49BAF46B1CC7718E009D5FF2 /* SDWebImageManager.m */; };
		49BAF4851CC7718E009D5FF2 /* SDWebImagePrefetcher.m in Sources */ = {isa = PBXBuildFile; fileRef = 49BAF46E1CC7718E009D5FF2 /* SDWebImagePrefetcher.m */; };
		49BAF4861CC7718E009D5FF2 /* UIButton+WebCache.m in Sources */ = {isa = PBXBuildFile; fileRef = 49BAF4701CC7718E009D5FF2 /* UIButton+WebCache.m */; };
		49BAF4871CC7718E009D5FF2 /* UIImage+GIF.m in Sources */ = {isa = PBXBuildFile; fileRef = 49BAF4721CC7718E009D5FF2 /* UIImage+GIF.m */; };
		49BAF4881CC7718E009D5FF2 /* UIImage+MultiFormat.m in Sources */ = {isa = PBXBuildFile; fileRef = 49BAF4741CC7718E009D5FF2 /* UIImage+MultiFormat.m */; };
		49BAF4891CC7718E009D5FF2 /* UIImage+WebP.m in Sources */ = {isa = PBXBuildFile; fileRef = 49BAF4761CC7718E009D5FF2 /* UIImage+WebP.m */; };
		49BAF48A1CC7718E009D5FF2 /* UIImageView+HighlightedWebCache.m in Sources */ = {isa = PBXBuildFile; fileRef = 49BAF4781CC7718E009D5FF2 /* UIImageView+HighlightedWebCache.m */; };
		49BAF48B1CC7718E009D5FF2 /* UIImageView+WebCache.m in Sources */ = {isa = PBXBuildFile; fileRef = 49BAF47A1CC7718E009D5FF2 /* UIImageView+WebCache.m */; };
		49BAF48C1CC7718E009D5FF2 /* UIView+WebCacheOperation.m in Sources */ = {isa = PBXBuildFile; fileRef = 49BAF47C1CC7718E009D5FF2 /* UIView+WebCacheOperation.m */; };
		49BAF48E1CC7812E009D5FF2 /* WebViewJavascriptBridge.js.txt in Resources */ = {isa = PBXBuildFile; fileRef = 49BAF48D1CC7812E009D5FF2 /* WebViewJavascriptBridge.js.txt */; };
		49BAF4911CC7889C009D5FF2 /* WebViewJavascriptBridge.m in Sources */ = {isa = PBXBuildFile; fileRef = 49BAF4901CC7889C009D5FF2 /* WebViewJavascriptBridge.m */; };
		49D7E92E1CE02EE0004BA797 /* PictureNewsDetailViewController.m in Sources */ = {isa = PBXBuildFile; fileRef = 49D7E92D1CE02EE0004BA797 /* PictureNewsDetailViewController.m */; };
		49D7E9311CE031FF004BA797 /* PictureNewsDetailCollectionViewCell.m in Sources */ = {isa = PBXBuildFile; fileRef = 49D7E9301CE031FF004BA797 /* PictureNewsDetailCollectionViewCell.m */; };
/* End PBXBuildFile section */

/* Begin PBXFileReference section */
		0641ADBD1CAAC7650069559F /* News(oc).app */ = {isa = PBXFileReference; explicitFileType = wrapper.application; includeInIndex = 0; path = "News(oc).app"; sourceTree = BUILT_PRODUCTS_DIR; };
		0641ADC11CAAC7650069559F /* main.m */ = {isa = PBXFileReference; lastKnownFileType = sourcecode.c.objc; path = main.m; sourceTree = "<group>"; };
		0641ADC31CAAC7650069559F /* AppDelegate.h */ = {isa = PBXFileReference; lastKnownFileType = sourcecode.c.h; path = AppDelegate.h; sourceTree = "<group>"; };
		0641ADC41CAAC7650069559F /* AppDelegate.m */ = {isa = PBXFileReference; lastKnownFileType = sourcecode.c.objc; path = AppDelegate.m; sourceTree = "<group>"; };
		0641ADC61CAAC7650069559F /* ViewController.h */ = {isa = PBXFileReference; lastKnownFileType = sourcecode.c.h; path = ViewController.h; sourceTree = "<group>"; };
		0641ADC71CAAC7650069559F /* ViewController.m */ = {isa = PBXFileReference; lastKnownFileType = sourcecode.c.objc; path = ViewController.m; sourceTree = "<group>"; };
		0641ADCA1CAAC7650069559F /* Base */ = {isa = PBXFileReference; lastKnownFileType = file.storyboard; name = Base; path = Base.lproj/Main.storyboard; sourceTree = "<group>"; };
		0641ADCC1CAAC7650069559F /* Assets.xcassets */ = {isa = PBXFileReference; lastKnownFileType = folder.assetcatalog; path = Assets.xcassets; sourceTree = "<group>"; };
		0641ADCF1CAAC7650069559F /* Base */ = {isa = PBXFileReference; lastKnownFileType = file.storyboard; name = Base; path = Base.lproj/LaunchScreen.storyboard; sourceTree = "<group>"; };
		0641ADD11CAAC7650069559F /* Info.plist */ = {isa = PBXFileReference; lastKnownFileType = text.plist.xml; path = Info.plist; sourceTree = "<group>"; };
		0641ADD71CAAD1E60069559F /* NewsViewController.h */ = {isa = PBXFileReference; fileEncoding = 4; lastKnownFileType = sourcecode.c.h; path = NewsViewController.h; sourceTree = "<group>"; };
		0641ADD81CAAD1E60069559F /* NewsViewController.m */ = {isa = PBXFileReference; fileEncoding = 4; lastKnownFileType = sourcecode.c.objc; path = NewsViewController.m; sourceTree = "<group>"; };
		0641ADDD1CAD67EC0069559F /* HttpTool.h */ = {isa = PBXFileReference; fileEncoding = 4; lastKnownFileType = sourcecode.c.h; path = HttpTool.h; sourceTree = "<group>"; };
		0641ADDE1CAD67EC0069559F /* HttpTool.m */ = {isa = PBXFileReference; fileEncoding = 4; lastKnownFileType = sourcecode.c.objc; path = HttpTool.m; sourceTree = "<group>"; };
		0641ADE01CAD72C90069559F /* test.jpg */ = {isa = PBXFileReference; lastKnownFileType = image.jpeg; path = test.jpg; sourceTree = "<group>"; };
		0641ADE21CAD74D20069559F /* 81.jpg */ = {isa = PBXFileReference; lastKnownFileType = image.jpeg; path = 81.jpg; sourceTree = "<group>"; };
		494D22DF1CACCEFB0069CCAE /* FirstTableViewCell.h */ = {isa = PBXFileReference; fileEncoding = 4; lastKnownFileType = sourcecode.c.h; path = FirstTableViewCell.h; sourceTree = "<group>"; };
		494D22E01CACCEFB0069CCAE /* FirstTableViewCell.m */ = {isa = PBXFileReference; fileEncoding = 4; lastKnownFileType = sourcecode.c.objc; path = FirstTableViewCell.m; sourceTree = "<group>"; };
		494D22E11CACCEFB0069CCAE /* FirstTableViewCell.xib */ = {isa = PBXFileReference; fileEncoding = 4; lastKnownFileType = file.xib; path = FirstTableViewCell.xib; sourceTree = "<group>"; };
		499CC85E1CC0C8F30055680D /* UIImageView+Category.h */ = {isa = PBXFileReference; fileEncoding = 4; lastKnownFileType = sourcecode.c.h; path = "UIImageView+Category.h"; sourceTree = "<group>"; };
		499CC85F1CC0C8F30055680D /* UIImageView+Category.m */ = {isa = PBXFileReference; fileEncoding = 4; lastKnownFileType = sourcecode.c.objc; path = "UIImageView+Category.m"; sourceTree = "<group>"; };
		499CC8611CC0DE000055680D /* PictureTableViewCell.h */ = {isa = PBXFileReference; fileEncoding = 4; lastKnownFileType = sourcecode.c.h; path = PictureTableViewCell.h; sourceTree = "<group>"; };
		499CC8621CC0DE000055680D /* PictureTableViewCell.m */ = {isa = PBXFileReference; fileEncoding = 4; lastKnownFileType = sourcecode.c.objc; path = PictureTableViewCell.m; sourceTree = "<group>"; };
		499CC8631CC0DE000055680D /* PictureTableViewCell.xib */ = {isa = PBXFileReference; fileEncoding = 4; lastKnownFileType = file.xib; path = PictureTableViewCell.xib; sourceTree = "<group>"; };
		499FA4531CDDEEDE00D49190 /* covernewscell_editor_default@2x.png */ = {isa = PBXFileReference; lastKnownFileType = image.png; path = "covernewscell_editor_default@2x.png"; sourceTree = "<group>"; };
		49A2655C1CC256D600717D59 /* NewsDetailTableViewController.h */ = {isa = PBXFileReference; fileEncoding = 4; lastKnownFileType = sourcecode.c.h; path = NewsDetailTableViewController.h; sourceTree = "<group>"; };
		49A2655D1CC256D600717D59 /* NewsDetailTableViewController.m */ = {isa = PBXFileReference; fileEncoding = 4; lastKnownFileType = sourcecode.c.objc; path = NewsDetailTableViewController.m; sourceTree = "<group>"; };
		49A4817D1CC8A7C600FF4067 /* icon_back@2x.png */ = {isa = PBXFileReference; lastKnownFileType = image.png; path = "icon_back@2x.png"; sourceTree = "<group>"; };
		49A4817E1CC8A7C600FF4067 /* icon_back_highlighted@2x.png */ = {isa = PBXFileReference; lastKnownFileType = image.png; path = "icon_back_highlighted@2x.png"; sourceTree = "<group>"; };
		49A481811CC8C06B00FF4067 /* contentview_commentbacky_selected@2x.png */ = {isa = PBXFileReference; lastKnownFileType = image.png; path = "contentview_commentbacky_selected@2x.png"; sourceTree = "<group>"; };
		49A481821CC8C06B00FF4067 /* contentview_commentbacky@2x.png */ = {isa = PBXFileReference; lastKnownFileType = image.png; path = "contentview_commentbacky@2x.png"; sourceTree = "<group>"; };
		49A481861CC8D03700FF4067 /* ConversationViewController.h */ = {isa = PBXFileReference; fileEncoding = 4; lastKnownFileType = sourcecode.c.h; path = ConversationViewController.h; sourceTree = "<group>"; };
		49A481871CC8D03700FF4067 /* ConversationViewController.m */ = {isa = PBXFileReference; fileEncoding = 4; lastKnownFileType = sourcecode.c.objc; path = ConversationViewController.m; sourceTree = "<group>"; };
		49AD37171CCDBF6200DBF2F6 /* ConversationTableViewCell.h */ = {isa = PBXFileReference; fileEncoding = 4; lastKnownFileType = sourcecode.c.h; path = ConversationTableViewCell.h; sourceTree = "<group>"; };
		49AD37181CCDBF6200DBF2F6 /* ConversationTableViewCell.m */ = {isa = PBXFileReference; fileEncoding = 4; lastKnownFileType = sourcecode.c.objc; path = ConversationTableViewCell.m; sourceTree = "<group>"; };
		49AD371B1CCDF23E00DBF2F6 /* AFHTTPSessionManager.h */ = {isa = PBXFileReference; fileEncoding = 4; lastKnownFileType = sourcecode.c.h; path = AFHTTPSessionManager.h; sourceTree = "<group>"; };
		49AD371C1CCDF23E00DBF2F6 /* AFHTTPSessionManager.m */ = {isa = PBXFileReference; fileEncoding = 4; lastKnownFileType = sourcecode.c.objc; path = AFHTTPSessionManager.m; sourceTree = "<group>"; };
		49AD371D1CCDF23E00DBF2F6 /* AFNetworking.h */ = {isa = PBXFileReference; fileEncoding = 4; lastKnownFileType = sourcecode.c.h; path = AFNetworking.h; sourceTree = "<group>"; };
		49AD371E1CCDF23E00DBF2F6 /* AFNetworkReachabilityManager.h */ = {isa = PBXFileReference; fileEncoding = 4; lastKnownFileType = sourcecode.c.h; path = AFNetworkReachabilityManager.h; sourceTree = "<group>"; };
		49AD371F1CCDF23E00DBF2F6 /* AFNetworkReachabilityManager.m */ = {isa = PBXFileReference; fileEncoding = 4; lastKnownFileType = sourcecode.c.objc; path = AFNetworkReachabilityManager.m; sourceTree = "<group>"; };
		49AD37201CCDF23E00DBF2F6 /* AFSecurityPolicy.h */ = {isa = PBXFileReference; fileEncoding = 4; lastKnownFileType = sourcecode.c.h; path = AFSecurityPolicy.h; sourceTree = "<group>"; };
		49AD37211CCDF23E00DBF2F6 /* AFSecurityPolicy.m */ = {isa = PBXFileReference; fileEncoding = 4; lastKnownFileType = sourcecode.c.objc; path = AFSecurityPolicy.m; sourceTree = "<group>"; };
		49AD37221CCDF23E00DBF2F6 /* AFURLRequestSerialization.h */ = {isa = PBXFileReference; fileEncoding = 4; lastKnownFileType = sourcecode.c.h; path = AFURLRequestSerialization.h; sourceTree = "<group>"; };
		49AD37231CCDF23E00DBF2F6 /* AFURLRequestSerialization.m */ = {isa = PBXFileReference; fileEncoding = 4; lastKnownFileType = sourcecode.c.objc; path = AFURLRequestSerialization.m; sourceTree = "<group>"; };
		49AD37241CCDF23E00DBF2F6 /* AFURLResponseSerialization.h */ = {isa = PBXFileReference; fileEncoding = 4; lastKnownFileType = sourcecode.c.h; path = AFURLResponseSerialization.h; sourceTree = "<group>"; };
		49AD37251CCDF23E00DBF2F6 /* AFURLResponseSerialization.m */ = {isa = PBXFileReference; fileEncoding = 4; lastKnownFileType = sourcecode.c.objc; path = AFURLResponseSerialization.m; sourceTree = "<group>"; };
		49AD37261CCDF23E00DBF2F6 /* AFURLSessionManager.h */ = {isa = PBXFileReference; fileEncoding = 4; lastKnownFileType = sourcecode.c.h; path = AFURLSessionManager.h; sourceTree = "<group>"; };
		49AD37271CCDF23E00DBF2F6 /* AFURLSessionManager.m */ = {isa = PBXFileReference; fileEncoding = 4; lastKnownFileType = sourcecode.c.objc; path = AFURLSessionManager.m; sourceTree = "<group>"; };
		49AD372E1CCE1A6100DBF2F6 /* ConversationView.h */ = {isa = PBXFileReference; fileEncoding = 4; lastKnownFileType = sourcecode.c.h; path = ConversationView.h; sourceTree = "<group>"; };
		49AD372F1CCE1A6100DBF2F6 /* ConversationView.m */ = {isa = PBXFileReference; fileEncoding = 4; lastKnownFileType = sourcecode.c.objc; path = ConversationView.m; sourceTree = "<group>"; };
		49B230B51CBF3ACE00FEF3C1 /* NewsTableViewController.h */ = {isa = PBXFileReference; fileEncoding = 4; lastKnownFileType = sourcecode.c.h; path = NewsTableViewController.h; sourceTree = "<group>"; };
		49B230B61CBF3ACE00FEF3C1 /* NewsTableViewController.m */ = {isa = PBXFileReference; fileEncoding = 4; lastKnownFileType = sourcecode.c.objc; path = NewsTableViewController.m; sourceTree = "<group>"; };
		49B3BFA71CD06F6900DFAC88 /* channel_nav_plus@2x.png */ = {isa = PBXFileReference; lastKnownFileType = image.png; path = "channel_nav_plus@2x.png"; sourceTree = "<group>"; };
		49B3BFA81CD06F6900DFAC88 /* home_header_add_slim@2x.png */ = {isa = PBXFileReference; lastKnownFileType = image.png; path = "home_header_add_slim@2x.png"; sourceTree = "<group>"; };
		49B3BFAB1CD08D4200DFAC88 /* tabbar_icon_reader_normal@2x.png */ = {isa = PBXFileReference; lastKnownFileType = image.png; path = "tabbar_icon_reader_normal@2x.png"; sourceTree = "<group>"; };
		49B3BFAC1CD08D4200DFAC88 /* tabbar_icon_bar_highlight@2x.png */ = {isa = PBXFileReference; lastKnownFileType = image.png; path = "tabbar_icon_bar_highlight@2x.png"; sourceTree = "<group>"; };
		49B3BFAD1CD08D4200DFAC88 /* tabbar_icon_bar_normal@2x.png */ = {isa = PBXFileReference; lastKnownFileType = image.png; path = "tabbar_icon_bar_normal@2x.png"; sourceTree = "<group>"; };
		49B3BFAE1CD08D4200DFAC88 /* tabbar_icon_media_highlight@2x.png */ = {isa = PBXFileReference; lastKnownFileType = image.png; path = "tabbar_icon_media_highlight@2x.png"; sourceTree = "<group>"; };
		49B3BFAF1CD08D4200DFAC88 /* tabbar_icon_me_highlight@2x.png */ = {isa = PBXFileReference; lastKnownFileType = image.png; path = "tabbar_icon_me_highlight@2x.png"; sourceTree = "<group>"; };
		49B3BFB01CD08D4200DFAC88 /* tabbar_icon_media_normal@2x.png */ = {isa = PBXFileReference; lastKnownFileType = image.png; path = "tabbar_icon_media_normal@2x.png"; sourceTree = "<group>"; };
		49B3BFB11CD08D4200DFAC88 /* tabbar_icon_me_normal@2x.png */ = {isa = PBXFileReference; lastKnownFileType = image.png; path = "tabbar_icon_me_normal@2x.png"; sourceTree = "<group>"; };
		49B3BFB21CD08D4200DFAC88 /* tabbar_icon_news_normal@2x.png */ = {isa = PBXFileReference; lastKnownFileType = image.png; path = "tabbar_icon_news_normal@2x.png"; sourceTree = "<group>"; };
		49B3BFB31CD08D4200DFAC88 /* tabbar_icon_reader_highlight@2x.png */ = {isa = PBXFileReference; lastKnownFileType = image.png; path = "tabbar_icon_reader_highlight@2x.png"; sourceTree = "<group>"; };
		49B3BFB41CD08D4200DFAC88 /* tabbar_icon_news_highlight@2x.png */ = {isa = PBXFileReference; lastKnownFileType = image.png; path = "tabbar_icon_news_highlight@2x.png"; sourceTree = "<group>"; };
		49B497C71CC9F45200A0F173 /* NSString+UUID.h */ = {isa = PBXFileReference; fileEncoding = 4; lastKnownFileType = sourcecode.c.h; path = "NSString+UUID.h"; sourceTree = "<group>"; };
		49B497C81CC9F45200A0F173 /* NSString+UUID.m */ = {isa = PBXFileReference; fileEncoding = 4; lastKnownFileType = sourcecode.c.objc; path = "NSString+UUID.m"; sourceTree = "<group>"; };
		49B497CD1CCA2DF700A0F173 /* search_icon@2x.png */ = {isa = PBXFileReference; lastKnownFileType = image.png; path = "search_icon@2x.png"; sourceTree = "<group>"; };
		49B497CF1CCA2FFE00A0F173 /* awardeditor_coins_small@2x.png */ = {isa = PBXFileReference; lastKnownFileType = image.png; path = "awardeditor_coins_small@2x.png"; sourceTree = "<group>"; };
		49B497D21CCA396000A0F173 /* SearchViewController.h */ = {isa = PBXFileReference; fileEncoding = 4; lastKnownFileType = sourcecode.c.h; path = SearchViewController.h; sourceTree = "<group>"; };
		49B497D31CCA396000A0F173 /* SearchViewController.m */ = {isa = PBXFileReference; fileEncoding = 4; lastKnownFileType = sourcecode.c.objc; path = SearchViewController.m; sourceTree = "<group>"; };
		49B497D51CCA39CE00A0F173 /* CustomBarView.xib */ = {isa = PBXFileReference; fileEncoding = 4; lastKnownFileType = file.xib; path = CustomBarView.xib; sourceTree = "<group>"; };
		49B497D71CCA3AF400A0F173 /* CustomBarView.h */ = {isa = PBXFileReference; fileEncoding = 4; lastKnownFileType = sourcecode.c.h; path = CustomBarView.h; sourceTree = "<group>"; };
		49B497D81CCA3AF400A0F173 /* CustomBarView.m */ = {isa = PBXFileReference; fileEncoding = 4; lastKnownFileType = sourcecode.c.objc; path = CustomBarView.m; sourceTree = "<group>"; };
		49BAF4531CC766B8009D5FF2 /* VideoInfo.h */ = {isa = PBXFileReference; fileEncoding = 4; lastKnownFileType = sourcecode.c.h; path = VideoInfo.h; sourceTree = "<group>"; };
		49BAF4541CC766B8009D5FF2 /* VideoInfo.m */ = {isa = PBXFileReference; fileEncoding = 4; lastKnownFileType = sourcecode.c.objc; path = VideoInfo.m; sourceTree = "<group>"; };
		49BAF4561CC7679F009D5FF2 /* ImageInfo.h */ = {isa = PBXFileReference; fileEncoding = 4; lastKnownFileType = sourcecode.c.h; path = ImageInfo.h; sourceTree = "<group>"; };
		49BAF4571CC7679F009D5FF2 /* ImageInfo.m */ = {isa = PBXFileReference; fileEncoding = 4; lastKnownFileType = sourcecode.c.objc; path = ImageInfo.m; sourceTree = "<group>"; };
		49BAF4591CC768B5009D5FF2 /* WebViewHtml.html */ = {isa = PBXFileReference; fileEncoding = 4; lastKnownFileType = text.html; path = WebViewHtml.html; sourceTree = "<group>"; };
		49BAF45C1CC7718E009D5FF2 /* MKAnnotationView+WebCache.h */ = {isa = PBXFileReference; fileEncoding = 4; lastKnownFileType = sourcecode.c.h; path = "MKAnnotationView+WebCache.h"; sourceTree = "<group>"; };
		49BAF45D1CC7718E009D5FF2 /* MKAnnotationView+WebCache.m */ = {isa = PBXFileReference; fileEncoding = 4; lastKnownFileType = sourcecode.c.objc; path = "MKAnnotationView+WebCache.m"; sourceTree = "<group>"; };
		49BAF45E1CC7718E009D5FF2 /* NSData+ImageContentType.h */ = {isa = PBXFileReference; fileEncoding = 4; lastKnownFileType = sourcecode.c.h; path = "NSData+ImageContentType.h"; sourceTree = "<group>"; };
		49BAF45F1CC7718E009D5FF2 /* NSData+ImageContentType.m */ = {isa = PBXFileReference; fileEncoding = 4; lastKnownFileType = sourcecode.c.objc; path = "NSData+ImageContentType.m"; sourceTree = "<group>"; };
		49BAF4601CC7718E009D5FF2 /* SDImageCache.h */ = {isa = PBXFileReference; fileEncoding = 4; lastKnownFileType = sourcecode.c.h; path = SDImageCache.h; sourceTree = "<group>"; };
		49BAF4611CC7718E009D5FF2 /* SDImageCache.m */ = {isa = PBXFileReference; fileEncoding = 4; lastKnownFileType = sourcecode.c.objc; path = SDImageCache.m; sourceTree = "<group>"; };
		49BAF4621CC7718E009D5FF2 /* SDWebImageCompat.h */ = {isa = PBXFileReference; fileEncoding = 4; lastKnownFileType = sourcecode.c.h; path = SDWebImageCompat.h; sourceTree = "<group>"; };
		49BAF4631CC7718E009D5FF2 /* SDWebImageCompat.m */ = {isa = PBXFileReference; fileEncoding = 4; lastKnownFileType = sourcecode.c.objc; path = SDWebImageCompat.m; sourceTree = "<group>"; };
		49BAF4641CC7718E009D5FF2 /* SDWebImageDecoder.h */ = {isa = PBXFileReference; fileEncoding = 4; lastKnownFileType = sourcecode.c.h; path = SDWebImageDecoder.h; sourceTree = "<group>"; };
		49BAF4651CC7718E009D5FF2 /* SDWebImageDecoder.m */ = {isa = PBXFileReference; fileEncoding = 4; lastKnownFileType = sourcecode.c.objc; path = SDWebImageDecoder.m; sourceTree = "<group>"; };
		49BAF4661CC7718E009D5FF2 /* SDWebImageDownloader.h */ = {isa = PBXFileReference; fileEncoding = 4; lastKnownFileType = sourcecode.c.h; path = SDWebImageDownloader.h; sourceTree = "<group>"; };
		49BAF4671CC7718E009D5FF2 /* SDWebImageDownloader.m */ = {isa = PBXFileReference; fileEncoding = 4; lastKnownFileType = sourcecode.c.objc; path = SDWebImageDownloader.m; sourceTree = "<group>"; };
		49BAF4681CC7718E009D5FF2 /* SDWebImageDownloaderOperation.h */ = {isa = PBXFileReference; fileEncoding = 4; lastKnownFileType = sourcecode.c.h; path = SDWebImageDownloaderOperation.h; sourceTree = "<group>"; };
		49BAF4691CC7718E009D5FF2 /* SDWebImageDownloaderOperation.m */ = {isa = PBXFileReference; fileEncoding = 4; lastKnownFileType = sourcecode.c.objc; path = SDWebImageDownloaderOperation.m; sourceTree = "<group>"; };
		49BAF46A1CC7718E009D5FF2 /* SDWebImageManager.h */ = {isa = PBXFileReference; fileEncoding = 4; lastKnownFileType = sourcecode.c.h; path = SDWebImageManager.h; sourceTree = "<group>"; };
		49BAF46B1CC7718E009D5FF2 /* SDWebImageManager.m */ = {isa = PBXFileReference; fileEncoding = 4; lastKnownFileType = sourcecode.c.objc; path = SDWebImageManager.m; sourceTree = "<group>"; };
		49BAF46C1CC7718E009D5FF2 /* SDWebImageOperation.h */ = {isa = PBXFileReference; fileEncoding = 4; lastKnownFileType = sourcecode.c.h; path = SDWebImageOperation.h; sourceTree = "<group>"; };
		49BAF46D1CC7718E009D5FF2 /* SDWebImagePrefetcher.h */ = {isa = PBXFileReference; fileEncoding = 4; lastKnownFileType = sourcecode.c.h; path = SDWebImagePrefetcher.h; sourceTree = "<group>"; };
		49BAF46E1CC7718E009D5FF2 /* SDWebImagePrefetcher.m */ = {isa = PBXFileReference; fileEncoding = 4; lastKnownFileType = sourcecode.c.objc; path = SDWebImagePrefetcher.m; sourceTree = "<group>"; };
		49BAF46F1CC7718E009D5FF2 /* UIButton+WebCache.h */ = {isa = PBXFileReference; fileEncoding = 4; lastKnownFileType = sourcecode.c.h; path = "UIButton+WebCache.h"; sourceTree = "<group>"; };
		49BAF4701CC7718E009D5FF2 /* UIButton+WebCache.m */ = {isa = PBXFileReference; fileEncoding = 4; lastKnownFileType = sourcecode.c.objc; path = "UIButton+WebCache.m"; sourceTree = "<group>"; };
		49BAF4711CC7718E009D5FF2 /* UIImage+GIF.h */ = {isa = PBXFileReference; fileEncoding = 4; lastKnownFileType = sourcecode.c.h; path = "UIImage+GIF.h"; sourceTree = "<group>"; };
		49BAF4721CC7718E009D5FF2 /* UIImage+GIF.m */ = {isa = PBXFileReference; fileEncoding = 4; lastKnownFileType = sourcecode.c.objc; path = "UIImage+GIF.m"; sourceTree = "<group>"; };
		49BAF4731CC7718E009D5FF2 /* UIImage+MultiFormat.h */ = {isa = PBXFileReference; fileEncoding = 4; lastKnownFileType = sourcecode.c.h; path = "UIImage+MultiFormat.h"; sourceTree = "<group>"; };
		49BAF4741CC7718E009D5FF2 /* UIImage+MultiFormat.m */ = {isa = PBXFileReference; fileEncoding = 4; lastKnownFileType = sourcecode.c.objc; path = "UIImage+MultiFormat.m"; sourceTree = "<group>"; };
		49BAF4751CC7718E009D5FF2 /* UIImage+WebP.h */ = {isa = PBXFileReference; fileEncoding = 4; lastKnownFileType = sourcecode.c.h; path = "UIImage+WebP.h"; sourceTree = "<group>"; };
		49BAF4761CC7718E009D5FF2 /* UIImage+WebP.m */ = {isa = PBXFileReference; fileEncoding = 4; lastKnownFileType = sourcecode.c.objc; path = "UIImage+WebP.m"; sourceTree = "<group>"; };
		49BAF4771CC7718E009D5FF2 /* UIImageView+HighlightedWebCache.h */ = {isa = PBXFileReference; fileEncoding = 4; lastKnownFileType = sourcecode.c.h; path = "UIImageView+HighlightedWebCache.h"; sourceTree = "<group>"; };
		49BAF4781CC7718E009D5FF2 /* UIImageView+HighlightedWebCache.m */ = {isa = PBXFileReference; fileEncoding = 4; lastKnownFileType = sourcecode.c.objc; path = "UIImageView+HighlightedWebCache.m"; sourceTree = "<group>"; };
		49BAF4791CC7718E009D5FF2 /* UIImageView+WebCache.h */ = {isa = PBXFileReference; fileEncoding = 4; lastKnownFileType = sourcecode.c.h; path = "UIImageView+WebCache.h"; sourceTree = "<group>"; };
		49BAF47A1CC7718E009D5FF2 /* UIImageView+WebCache.m */ = {isa = PBXFileReference; fileEncoding = 4; lastKnownFileType = sourcecode.c.objc; path = "UIImageView+WebCache.m"; sourceTree = "<group>"; };
		49BAF47B1CC7718E009D5FF2 /* UIView+WebCacheOperation.h */ = {isa = PBXFileReference; fileEncoding = 4; lastKnownFileType = sourcecode.c.h; path = "UIView+WebCacheOperation.h"; sourceTree = "<group>"; };
		49BAF47C1CC7718E009D5FF2 /* UIView+WebCacheOperation.m */ = {isa = PBXFileReference; fileEncoding = 4; lastKnownFileType = sourcecode.c.objc; path = "UIView+WebCacheOperation.m"; sourceTree = "<group>"; };
		49BAF48D1CC7812E009D5FF2 /* WebViewJavascriptBridge.js.txt */ = {isa = PBXFileReference; fileEncoding = 4; lastKnownFileType = text; path = WebViewJavascriptBridge.js.txt; sourceTree = "<group>"; };
		49BAF48F1CC7889C009D5FF2 /* WebViewJavascriptBridge.h */ = {isa = PBXFileReference; fileEncoding = 4; lastKnownFileType = sourcecode.c.h; path = WebViewJavascriptBridge.h; sourceTree = "<group>"; };
		49BAF4901CC7889C009D5FF2 /* WebViewJavascriptBridge.m */ = {isa = PBXFileReference; fileEncoding = 4; lastKnownFileType = sourcecode.c.objc; path = WebViewJavascriptBridge.m; sourceTree = "<group>"; };
		49D7E92C1CE02EE0004BA797 /* PictureNewsDetailViewController.h */ = {isa = PBXFileReference; fileEncoding = 4; lastKnownFileType = sourcecode.c.h; path = PictureNewsDetailViewController.h; sourceTree = "<group>"; };
		49D7E92D1CE02EE0004BA797 /* PictureNewsDetailViewController.m */ = {isa = PBXFileReference; fileEncoding = 4; lastKnownFileType = sourcecode.c.objc; path = PictureNewsDetailViewController.m; sourceTree = "<group>"; };
		49D7E92F1CE031FF004BA797 /* PictureNewsDetailCollectionViewCell.h */ = {isa = PBXFileReference; fileEncoding = 4; lastKnownFileType = sourcecode.c.h; path = PictureNewsDetailCollectionViewCell.h; sourceTree = "<group>"; };
		49D7E9301CE031FF004BA797 /* PictureNewsDetailCollectionViewCell.m */ = {isa = PBXFileReference; fileEncoding = 4; lastKnownFileType = sourcecode.c.objc; path = PictureNewsDetailCollectionViewCell.m; sourceTree = "<group>"; };
/* End PBXFileReference section */

/* Begin PBXFrameworksBuildPhase section */
		0641ADBA1CAAC7650069559F /* Frameworks */ = {
			isa = PBXFrameworksBuildPhase;
			buildActionMask = 2147483647;
			files = (
			);
			runOnlyForDeploymentPostprocessing = 0;
		};
/* End PBXFrameworksBuildPhase section */

/* Begin PBXGroup section */
		0641ADB41CAAC7650069559F = {
			isa = PBXGroup;
			children = (
				0641ADBF1CAAC7650069559F /* News(oc) */,
				0641ADBE1CAAC7650069559F /* Products */,
			);
			sourceTree = "<group>";
		};
		0641ADBE1CAAC7650069559F /* Products */ = {
			isa = PBXGroup;
			children = (
				0641ADBD1CAAC7650069559F /* News(oc).app */,
			);
			name = Products;
			sourceTree = "<group>";
		};
		0641ADBF1CAAC7650069559F /* News(oc) */ = {
			isa = PBXGroup;
			children = (
				0641ADC31CAAC7650069559F /* AppDelegate.h */,
				0641ADC41CAAC7650069559F /* AppDelegate.m */,
				0641ADC61CAAC7650069559F /* ViewController.h */,
				0641ADC71CAAC7650069559F /* ViewController.m */,
				0641ADC91CAAC7650069559F /* Main.storyboard */,
				494C67671CABA117000FED11 /* News */,
				0641ADDC1CAD67AC0069559F /* Connection */,
				499CC85A1CC0C5910055680D /* Tools */,
				49BAF4451CC754C4009D5FF2 /* 第三方 */,
				0641ADCC1CAAC7650069559F /* Assets.xcassets */,
				0641ADCE1CAAC7650069559F /* LaunchScreen.storyboard */,
				0641ADD11CAAC7650069559F /* Info.plist */,
				0641ADC01CAAC7650069559F /* Supporting Files */,
			);
			path = "News(oc)";
			sourceTree = "<group>";
		};
		0641ADC01CAAC7650069559F /* Supporting Files */ = {
			isa = PBXGroup;
			children = (
				49A4817C1CC8A7AE00FF4067 /* image */,
				0641ADE01CAD72C90069559F /* test.jpg */,
				0641ADE21CAD74D20069559F /* 81.jpg */,
				0641ADC11CAAC7650069559F /* main.m */,
			);
			name = "Supporting Files";
			sourceTree = "<group>";
		};
		0641ADDC1CAD67AC0069559F /* Connection */ = {
			isa = PBXGroup;
			children = (
				0641ADDD1CAD67EC0069559F /* HttpTool.h */,
				0641ADDE1CAD67EC0069559F /* HttpTool.m */,
			);
			name = Connection;
			sourceTree = "<group>";
		};
		494C67671CABA117000FED11 /* News */ = {
			isa = PBXGroup;
			children = (
				49A3EED71CCB195A00F51FC3 /* News List */,
				49A2655B1CC2568E00717D59 /* News Detail */,
				49A481851CC8D00400FF4067 /* Conversations */,
				49B497D11CCA392500A0F173 /* Search Controller */,
			);
			name = News;
			sourceTree = "<group>";
		};
		499CC85A1CC0C5910055680D /* Tools */ = {
			isa = PBXGroup;
			children = (
				499CC85E1CC0C8F30055680D /* UIImageView+Category.h */,
				499CC85F1CC0C8F30055680D /* UIImageView+Category.m */,
			);
			name = Tools;
			sourceTree = "<group>";
		};
		49A2655B1CC2568E00717D59 /* News Detail */ = {
			isa = PBXGroup;
			children = (
				49A2655C1CC256D600717D59 /* NewsDetailTableViewController.h */,
				49A2655D1CC256D600717D59 /* NewsDetailTableViewController.m */,
				49BAF4531CC766B8009D5FF2 /* VideoInfo.h */,
				49BAF4541CC766B8009D5FF2 /* VideoInfo.m */,
				49BAF4561CC7679F009D5FF2 /* ImageInfo.h */,
				49BAF4571CC7679F009D5FF2 /* ImageInfo.m */,
				49BAF4591CC768B5009D5FF2 /* WebViewHtml.html */,
				49BAF48D1CC7812E009D5FF2 /* WebViewJavascriptBridge.js.txt */,
				49D7E92C1CE02EE0004BA797 /* PictureNewsDetailViewController.h */,
				49D7E92D1CE02EE0004BA797 /* PictureNewsDetailViewController.m */,
				49D7E92F1CE031FF004BA797 /* PictureNewsDetailCollectionViewCell.h */,
				49D7E9301CE031FF004BA797 /* PictureNewsDetailCollectionViewCell.m */,
			);
			name = "News Detail";
			sourceTree = "<group>";
		};
		49A3EED71CCB195A00F51FC3 /* News List */ = {
			isa = PBXGroup;
			children = (
				0641ADD71CAAD1E60069559F /* NewsViewController.h */,
				0641ADD81CAAD1E60069559F /* NewsViewController.m */,
				49B230B51CBF3ACE00FEF3C1 /* NewsTableViewController.h */,
				49B230B61CBF3ACE00FEF3C1 /* NewsTableViewController.m */,
				499CC8611CC0DE000055680D /* PictureTableViewCell.h */,
				499CC8621CC0DE000055680D /* PictureTableViewCell.m */,
				499CC8631CC0DE000055680D /* PictureTableViewCell.xib */,
				494D22DF1CACCEFB0069CCAE /* FirstTableViewCell.h */,
				494D22E01CACCEFB0069CCAE /* FirstTableViewCell.m */,
				494D22E11CACCEFB0069CCAE /* FirstTableViewCell.xib */,
			);
			name = "News List";
			sourceTree = "<group>";
		};
		49A4817C1CC8A7AE00FF4067 /* image */ = {
			isa = PBXGroup;
			children = (
				499FA4531CDDEEDE00D49190 /* covernewscell_editor_default@2x.png */,
				49B3BFAB1CD08D4200DFAC88 /* tabbar_icon_reader_normal@2x.png */,
				49B3BFAC1CD08D4200DFAC88 /* tabbar_icon_bar_highlight@2x.png */,
				49B3BFAD1CD08D4200DFAC88 /* tabbar_icon_bar_normal@2x.png */,
				49B3BFAE1CD08D4200DFAC88 /* tabbar_icon_media_highlight@2x.png */,
				49B3BFAF1CD08D4200DFAC88 /* tabbar_icon_me_highlight@2x.png */,
				49B3BFB01CD08D4200DFAC88 /* tabbar_icon_media_normal@2x.png */,
				49B3BFB11CD08D4200DFAC88 /* tabbar_icon_me_normal@2x.png */,
				49B3BFB21CD08D4200DFAC88 /* tabbar_icon_news_normal@2x.png */,
				49B3BFB31CD08D4200DFAC88 /* tabbar_icon_reader_highlight@2x.png */,
				49B3BFB41CD08D4200DFAC88 /* tabbar_icon_news_highlight@2x.png */,
				49B3BFA71CD06F6900DFAC88 /* channel_nav_plus@2x.png */,
				49B3BFA81CD06F6900DFAC88 /* home_header_add_slim@2x.png */,
				49B497CF1CCA2FFE00A0F173 /* awardeditor_coins_small@2x.png */,
				49B497CD1CCA2DF700A0F173 /* search_icon@2x.png */,
				49A4817D1CC8A7C600FF4067 /* icon_back@2x.png */,
				49A4817E1CC8A7C600FF4067 /* icon_back_highlighted@2x.png */,
				49A481811CC8C06B00FF4067 /* contentview_commentbacky_selected@2x.png */,
				49A481821CC8C06B00FF4067 /* contentview_commentbacky@2x.png */,
			);
			name = image;
			sourceTree = "<group>";
		};
		49A481851CC8D00400FF4067 /* Conversations */ = {
			isa = PBXGroup;
			children = (
				49A481861CC8D03700FF4067 /* ConversationViewController.h */,
				49A481871CC8D03700FF4067 /* ConversationViewController.m */,
				49AD37171CCDBF6200DBF2F6 /* ConversationTableViewCell.h */,
				49AD37181CCDBF6200DBF2F6 /* ConversationTableViewCell.m */,
				49AD372E1CCE1A6100DBF2F6 /* ConversationView.h */,
				49AD372F1CCE1A6100DBF2F6 /* ConversationView.m */,
			);
			name = Conversations;
			sourceTree = "<group>";
		};
		49AD371A1CCDF23E00DBF2F6 /* AFNetworking */ = {
			isa = PBXGroup;
			children = (
				49AD371B1CCDF23E00DBF2F6 /* AFHTTPSessionManager.h */,
				49AD371C1CCDF23E00DBF2F6 /* AFHTTPSessionManager.m */,
				49AD371D1CCDF23E00DBF2F6 /* AFNetworking.h */,
				49AD371E1CCDF23E00DBF2F6 /* AFNetworkReachabilityManager.h */,
				49AD371F1CCDF23E00DBF2F6 /* AFNetworkReachabilityManager.m */,
				49AD37201CCDF23E00DBF2F6 /* AFSecurityPolicy.h */,
				49AD37211CCDF23E00DBF2F6 /* AFSecurityPolicy.m */,
				49AD37221CCDF23E00DBF2F6 /* AFURLRequestSerialization.h */,
				49AD37231CCDF23E00DBF2F6 /* AFURLRequestSerialization.m */,
				49AD37241CCDF23E00DBF2F6 /* AFURLResponseSerialization.h */,
				49AD37251CCDF23E00DBF2F6 /* AFURLResponseSerialization.m */,
				49AD37261CCDF23E00DBF2F6 /* AFURLSessionManager.h */,
				49AD37271CCDF23E00DBF2F6 /* AFURLSessionManager.m */,
			);
			path = AFNetworking;
			sourceTree = "<group>";
		};
		49B497C61CC9F45200A0F173 /* NSString + UUID */ = {
			isa = PBXGroup;
			children = (
				49B497C71CC9F45200A0F173 /* NSString+UUID.h */,
				49B497C81CC9F45200A0F173 /* NSString+UUID.m */,
			);
			path = "NSString + UUID";
			sourceTree = "<group>";
		};
		49B497D11CCA392500A0F173 /* Search Controller */ = {
			isa = PBXGroup;
			children = (
				49B497D21CCA396000A0F173 /* SearchViewController.h */,
				49B497D31CCA396000A0F173 /* SearchViewController.m */,
				49B497D71CCA3AF400A0F173 /* CustomBarView.h */,
				49B497D81CCA3AF400A0F173 /* CustomBarView.m */,
				49B497D51CCA39CE00A0F173 /* CustomBarView.xib */,
			);
			name = "Search Controller";
			sourceTree = "<group>";
		};
		49BAF4451CC754C4009D5FF2 /* 第三方 */ = {
			isa = PBXGroup;
			children = (
				49AD371A1CCDF23E00DBF2F6 /* AFNetworking */,
				49B497C61CC9F45200A0F173 /* NSString + UUID */,
				49BAF45B1CC7718E009D5FF2 /* SDWebImage */,
				49BAF4461CC75786009D5FF2 /* WebViewJavascriptBridge */,
			);
			name = "第三方";
			sourceTree = "<group>";
		};
		49BAF4461CC75786009D5FF2 /* WebViewJavascriptBridge */ = {
			isa = PBXGroup;
			children = (
				49BAF48F1CC7889C009D5FF2 /* WebViewJavascriptBridge.h */,
				49BAF4901CC7889C009D5FF2 /* WebViewJavascriptBridge.m */,
			);
			path = WebViewJavascriptBridge;
			sourceTree = "<group>";
		};
		49BAF45B1CC7718E009D5FF2 /* SDWebImage */ = {
			isa = PBXGroup;
			children = (
				49BAF45C1CC7718E009D5FF2 /* MKAnnotationView+WebCache.h */,
				49BAF45D1CC7718E009D5FF2 /* MKAnnotationView+WebCache.m */,
				49BAF45E1CC7718E009D5FF2 /* NSData+ImageContentType.h */,
				49BAF45F1CC7718E009D5FF2 /* NSData+ImageContentType.m */,
				49BAF4601CC7718E009D5FF2 /* SDImageCache.h */,
				49BAF4611CC7718E009D5FF2 /* SDImageCache.m */,
				49BAF4621CC7718E009D5FF2 /* SDWebImageCompat.h */,
				49BAF4631CC7718E009D5FF2 /* SDWebImageCompat.m */,
				49BAF4641CC7718E009D5FF2 /* SDWebImageDecoder.h */,
				49BAF4651CC7718E009D5FF2 /* SDWebImageDecoder.m */,
				49BAF4661CC7718E009D5FF2 /* SDWebImageDownloader.h */,
				49BAF4671CC7718E009D5FF2 /* SDWebImageDownloader.m */,
				49BAF4681CC7718E009D5FF2 /* SDWebImageDownloaderOperation.h */,
				49BAF4691CC7718E009D5FF2 /* SDWebImageDownloaderOperation.m */,
				49BAF46A1CC7718E009D5FF2 /* SDWebImageManager.h */,
				49BAF46B1CC7718E009D5FF2 /* SDWebImageManager.m */,
				49BAF46C1CC7718E009D5FF2 /* SDWebImageOperation.h */,
				49BAF46D1CC7718E009D5FF2 /* SDWebImagePrefetcher.h */,
				49BAF46E1CC7718E009D5FF2 /* SDWebImagePrefetcher.m */,
				49BAF46F1CC7718E009D5FF2 /* UIButton+WebCache.h */,
				49BAF4701CC7718E009D5FF2 /* UIButton+WebCache.m */,
				49BAF4711CC7718E009D5FF2 /* UIImage+GIF.h */,
				49BAF4721CC7718E009D5FF2 /* UIImage+GIF.m */,
				49BAF4731CC7718E009D5FF2 /* UIImage+MultiFormat.h */,
				49BAF4741CC7718E009D5FF2 /* UIImage+MultiFormat.m */,
				49BAF4751CC7718E009D5FF2 /* UIImage+WebP.h */,
				49BAF4761CC7718E009D5FF2 /* UIImage+WebP.m */,
				49BAF4771CC7718E009D5FF2 /* UIImageView+HighlightedWebCache.h */,
				49BAF4781CC7718E009D5FF2 /* UIImageView+HighlightedWebCache.m */,
				49BAF4791CC7718E009D5FF2 /* UIImageView+WebCache.h */,
				49BAF47A1CC7718E009D5FF2 /* UIImageView+WebCache.m */,
				49BAF47B1CC7718E009D5FF2 /* UIView+WebCacheOperation.h */,
				49BAF47C1CC7718E009D5FF2 /* UIView+WebCacheOperation.m */,
			);
			path = SDWebImage;
			sourceTree = "<group>";
		};
/* End PBXGroup section */

/* Begin PBXNativeTarget section */
		0641ADBC1CAAC7650069559F /* News(oc) */ = {
			isa = PBXNativeTarget;
			buildConfigurationList = 0641ADD41CAAC7650069559F /* Build configuration list for PBXNativeTarget "News(oc)" */;
			buildPhases = (
				0641ADB91CAAC7650069559F /* Sources */,
				0641ADBA1CAAC7650069559F /* Frameworks */,
				0641ADBB1CAAC7650069559F /* Resources */,
			);
			buildRules = (
			);
			dependencies = (
			);
			name = "News(oc)";
			productName = "News(oc)";
			productReference = 0641ADBD1CAAC7650069559F /* News(oc).app */;
			productType = "com.apple.product-type.application";
		};
/* End PBXNativeTarget section */

/* Begin PBXProject section */
		0641ADB51CAAC7650069559F /* Project object */ = {
			isa = PBXProject;
			attributes = {
				LastUpgradeCheck = 0700;
				ORGANIZATIONNAME = founder;
				TargetAttributes = {
					0641ADBC1CAAC7650069559F = {
						CreatedOnToolsVersion = 7.0;
						DevelopmentTeam = 8U3VM32L8Q;
					};
				};
			};
			buildConfigurationList = 0641ADB81CAAC7650069559F /* Build configuration list for PBXProject "News(oc)" */;
			compatibilityVersion = "Xcode 3.2";
			developmentRegion = English;
			hasScannedForEncodings = 0;
			knownRegions = (
				en,
				Base,
			);
			mainGroup = 0641ADB41CAAC7650069559F;
			productRefGroup = 0641ADBE1CAAC7650069559F /* Products */;
			projectDirPath = "";
			projectRoot = "";
			targets = (
				0641ADBC1CAAC7650069559F /* News(oc) */,
			);
		};
/* End PBXProject section */

/* Begin PBXResourcesBuildPhase section */
		0641ADBB1CAAC7650069559F /* Resources */ = {
			isa = PBXResourcesBuildPhase;
			buildActionMask = 2147483647;
			files = (
				499CC8651CC0DE000055680D /* PictureTableViewCell.xib in Resources */,
				49A481841CC8C06B00FF4067 /* contentview_commentbacky@2x.png in Resources */,
				49A481801CC8A7C600FF4067 /* icon_back_highlighted@2x.png in Resources */,
				49B497CE1CCA2DF700A0F173 /* search_icon@2x.png in Resources */,
				49BAF45A1CC768B5009D5FF2 /* WebViewHtml.html in Resources */,
				494D22E31CACCEFB0069CCAE /* FirstTableViewCell.xib in Resources */,
				49B3BFB71CD08D4200DFAC88 /* tabbar_icon_bar_normal@2x.png in Resources */,
				49B3BFBA1CD08D4200DFAC88 /* tabbar_icon_media_normal@2x.png in Resources */,
				49B3BFBB1CD08D4200DFAC88 /* tabbar_icon_me_normal@2x.png in Resources */,
				49B3BFBD1CD08D4200DFAC88 /* tabbar_icon_reader_highlight@2x.png in Resources */,
				0641ADE11CAD72C90069559F /* test.jpg in Resources */,
				49B497D01CCA2FFE00A0F173 /* awardeditor_coins_small@2x.png in Resources */,
				49A4817F1CC8A7C600FF4067 /* icon_back@2x.png in Resources */,
				0641ADD01CAAC7650069559F /* LaunchScreen.storyboard in Resources */,
				49A481831CC8C06B00FF4067 /* contentview_commentbacky_selected@2x.png in Resources */,
				49B3BFB91CD08D4200DFAC88 /* tabbar_icon_me_highlight@2x.png in Resources */,
				49BAF48E1CC7812E009D5FF2 /* WebViewJavascriptBridge.js.txt in Resources */,
				49B3BFA91CD06F6900DFAC88 /* channel_nav_plus@2x.png in Resources */,
				49B3BFB51CD08D4200DFAC88 /* tabbar_icon_reader_normal@2x.png in Resources */,
				49B3BFB81CD08D4200DFAC88 /* tabbar_icon_media_highlight@2x.png in Resources */,
				0641ADCD1CAAC7650069559F /* Assets.xcassets in Resources */,
				49B497D61CCA39CE00A0F173 /* CustomBarView.xib in Resources */,
				49B3BFB61CD08D4200DFAC88 /* tabbar_icon_bar_highlight@2x.png in Resources */,
				49B3BFBE1CD08D4200DFAC88 /* tabbar_icon_news_highlight@2x.png in Resources */,
				0641ADE31CAD74D20069559F /* 81.jpg in Resources */,
				0641ADCB1CAAC7650069559F /* Main.storyboard in Resources */,
				49B3BFAA1CD06F6900DFAC88 /* home_header_add_slim@2x.png in Resources */,
				49B3BFBC1CD08D4200DFAC88 /* tabbar_icon_news_normal@2x.png in Resources */,
				499FA4541CDDEEDE00D49190 /* covernewscell_editor_default@2x.png in Resources */,
			);
			runOnlyForDeploymentPostprocessing = 0;
		};
/* End PBXResourcesBuildPhase section */

/* Begin PBXSourcesBuildPhase section */
		0641ADB91CAAC7650069559F /* Sources */ = {
			isa = PBXSourcesBuildPhase;
			buildActionMask = 2147483647;
			files = (
				49BAF4871CC7718E009D5FF2 /* UIImage+GIF.m in Sources */,
				0641ADC81CAAC7650069559F /* ViewController.m in Sources */,
				49BAF4551CC766B8009D5FF2 /* VideoInfo.m in Sources */,
				494D22E21CACCEFB0069CCAE /* FirstTableViewCell.m in Sources */,
				49BAF4891CC7718E009D5FF2 /* UIImage+WebP.m in Sources */,
				49BAF47E1CC7718E009D5FF2 /* NSData+ImageContentType.m in Sources */,
				49AD37191CCDBF6200DBF2F6 /* ConversationTableViewCell.m in Sources */,
				49B497D41CCA396000A0F173 /* SearchViewController.m in Sources */,
				49AD372A1CCDF23E00DBF2F6 /* AFSecurityPolicy.m in Sources */,
				49B230B71CBF3ACE00FEF3C1 /* NewsTableViewController.m in Sources */,
				49BAF4581CC7679F009D5FF2 /* ImageInfo.m in Sources */,
				49AD37291CCDF23E00DBF2F6 /* AFNetworkReachabilityManager.m in Sources */,
				49B497D91CCA3AF400A0F173 /* CustomBarView.m in Sources */,
				49BAF4811CC7718E009D5FF2 /* SDWebImageDecoder.m in Sources */,
				49AD37281CCDF23E00DBF2F6 /* AFHTTPSessionManager.m in Sources */,
				49A481881CC8D03700FF4067 /* ConversationViewController.m in Sources */,
				49BAF4861CC7718E009D5FF2 /* UIButton+WebCache.m in Sources */,
				49BAF4841CC7718E009D5FF2 /* SDWebImageManager.m in Sources */,
				499CC8641CC0DE000055680D /* PictureTableViewCell.m in Sources */,
				49BAF48B1CC7718E009D5FF2 /* UIImageView+WebCache.m in Sources */,
				0641ADC51CAAC7650069559F /* AppDelegate.m in Sources */,
				49A2655E1CC256D600717D59 /* NewsDetailTableViewController.m in Sources */,
				0641ADC21CAAC7650069559F /* main.m in Sources */,
				49BAF48A1CC7718E009D5FF2 /* UIImageView+HighlightedWebCache.m in Sources */,
				49BAF4821CC7718E009D5FF2 /* SDWebImageDownloader.m in Sources */,
				49D7E9311CE031FF004BA797 /* PictureNewsDetailCollectionViewCell.m in Sources */,
				49D7E92E1CE02EE0004BA797 /* PictureNewsDetailViewController.m in Sources */,
				49AD372D1CCDF23E00DBF2F6 /* AFURLSessionManager.m in Sources */,
				49AD37301CCE1A6100DBF2F6 /* ConversationView.m in Sources */,
				49BAF4851CC7718E009D5FF2 /* SDWebImagePrefetcher.m in Sources */,
				0641ADDA1CAAD1E60069559F /* NewsViewController.m in Sources */,
				49B497C91CC9F45200A0F173 /* NSString+UUID.m in Sources */,
				49BAF47F1CC7718E009D5FF2 /* SDImageCache.m in Sources */,
				49BAF4831CC7718E009D5FF2 /* SDWebImageDownloaderOperation.m in Sources */,
				499CC8601CC0C8F30055680D /* UIImageView+Category.m in Sources */,
				49AD372C1CCDF23E00DBF2F6 /* AFURLResponseSerialization.m in Sources */,
				49AD372B1CCDF23E00DBF2F6 /* AFURLRequestSerialization.m in Sources */,
				49BAF47D1CC7718E009D5FF2 /* MKAnnotationView+WebCache.m in Sources */,
				49BAF4911CC7889C009D5FF2 /* WebViewJavascriptBridge.m in Sources */,
				49BAF4881CC7718E009D5FF2 /* UIImage+MultiFormat.m in Sources */,
				49BAF48C1CC7718E009D5FF2 /* UIView+WebCacheOperation.m in Sources */,
				49BAF4801CC7718E009D5FF2 /* SDWebImageCompat.m in Sources */,
				0641ADDF1CAD67EC0069559F /* HttpTool.m in Sources */,
			);
			runOnlyForDeploymentPostprocessing = 0;
		};
/* End PBXSourcesBuildPhase section */

/* Begin PBXVariantGroup section */
		0641ADC91CAAC7650069559F /* Main.storyboard */ = {
			isa = PBXVariantGroup;
			children = (
				0641ADCA1CAAC7650069559F /* Base */,
			);
			name = Main.storyboard;
			sourceTree = "<group>";
		};
		0641ADCE1CAAC7650069559F /* LaunchScreen.storyboard */ = {
			isa = PBXVariantGroup;
			children = (
				0641ADCF1CAAC7650069559F /* Base */,
			);
			name = LaunchScreen.storyboard;
			sourceTree = "<group>";
		};
/* End PBXVariantGroup section */

/* Begin XCBuildConfiguration section */
		0641ADD21CAAC7650069559F /* Debug */ = {
			isa = XCBuildConfiguration;
			buildSettings = {
				ALWAYS_SEARCH_USER_PATHS = NO;
				CLANG_CXX_LANGUAGE_STANDARD = "gnu++0x";
				CLANG_CXX_LIBRARY = "libc++";
				CLANG_ENABLE_MODULES = YES;
				CLANG_ENABLE_OBJC_ARC = YES;
				CLANG_WARN_BOOL_CONVERSION = YES;
				CLANG_WARN_CONSTANT_CONVERSION = YES;
				CLANG_WARN_DIRECT_OBJC_ISA_USAGE = YES_ERROR;
				CLANG_WARN_EMPTY_BODY = YES;
				CLANG_WARN_ENUM_CONVERSION = YES;
				CLANG_WARN_INT_CONVERSION = YES;
				CLANG_WARN_OBJC_ROOT_CLASS = YES_ERROR;
				CLANG_WARN_UNREACHABLE_CODE = YES;
				CLANG_WARN__DUPLICATE_METHOD_MATCH = YES;
				"CODE_SIGN_IDENTITY[sdk=iphoneos*]" = "iPhone Developer";
				COPY_PHASE_STRIP = NO;
				DEBUG_INFORMATION_FORMAT = dwarf;
				ENABLE_STRICT_OBJC_MSGSEND = YES;
				ENABLE_TESTABILITY = YES;
				GCC_C_LANGUAGE_STANDARD = gnu99;
				GCC_DYNAMIC_NO_PIC = NO;
				GCC_NO_COMMON_BLOCKS = YES;
				GCC_OPTIMIZATION_LEVEL = 0;
				GCC_PREPROCESSOR_DEFINITIONS = (
					"DEBUG=1",
					"$(inherited)",
				);
				GCC_WARN_64_TO_32_BIT_CONVERSION = YES;
				GCC_WARN_ABOUT_RETURN_TYPE = YES_ERROR;
				GCC_WARN_UNDECLARED_SELECTOR = YES;
				GCC_WARN_UNINITIALIZED_AUTOS = YES_AGGRESSIVE;
				GCC_WARN_UNUSED_FUNCTION = YES;
				GCC_WARN_UNUSED_VARIABLE = YES;
				IPHONEOS_DEPLOYMENT_TARGET = 9.0;
				MTL_ENABLE_DEBUG_INFO = YES;
				ONLY_ACTIVE_ARCH = YES;
				SDKROOT = iphoneos;
			};
			name = Debug;
		};
		0641ADD31CAAC7650069559F /* Release */ = {
			isa = XCBuildConfiguration;
			buildSettings = {
				ALWAYS_SEARCH_USER_PATHS = NO;
				CLANG_CXX_LANGUAGE_STANDARD = "gnu++0x";
				CLANG_CXX_LIBRARY = "libc++";
				CLANG_ENABLE_MODULES = YES;
				CLANG_ENABLE_OBJC_ARC = YES;
				CLANG_WARN_BOOL_CONVERSION = YES;
				CLANG_WARN_CONSTANT_CONVERSION = YES;
				CLANG_WARN_DIRECT_OBJC_ISA_USAGE = YES_ERROR;
				CLANG_WARN_EMPTY_BODY = YES;
				CLANG_WARN_ENUM_CONVERSION = YES;
				CLANG_WARN_INT_CONVERSION = YES;
				CLANG_WARN_OBJC_ROOT_CLASS = YES_ERROR;
				CLANG_WARN_UNREACHABLE_CODE = YES;
				CLANG_WARN__DUPLICATE_METHOD_MATCH = YES;
				"CODE_SIGN_IDENTITY[sdk=iphoneos*]" = "iPhone Developer";
				COPY_PHASE_STRIP = NO;
				DEBUG_INFORMATION_FORMAT = "dwarf-with-dsym";
				ENABLE_NS_ASSERTIONS = NO;
				ENABLE_STRICT_OBJC_MSGSEND = YES;
				GCC_C_LANGUAGE_STANDARD = gnu99;
				GCC_NO_COMMON_BLOCKS = YES;
				GCC_WARN_64_TO_32_BIT_CONVERSION = YES;
				GCC_WARN_ABOUT_RETURN_TYPE = YES_ERROR;
				GCC_WARN_UNDECLARED_SELECTOR = YES;
				GCC_WARN_UNINITIALIZED_AUTOS = YES_AGGRESSIVE;
				GCC_WARN_UNUSED_FUNCTION = YES;
				GCC_WARN_UNUSED_VARIABLE = YES;
				IPHONEOS_DEPLOYMENT_TARGET = 9.0;
				MTL_ENABLE_DEBUG_INFO = NO;
				SDKROOT = iphoneos;
				VALIDATE_PRODUCT = YES;
			};
			name = Release;
		};
		0641ADD51CAAC7650069559F /* Debug */ = {
			isa = XCBuildConfiguration;
			buildSettings = {
				ASSETCATALOG_COMPILER_APPICON_NAME = AppIcon;
				CODE_SIGN_IDENTITY = "iPhone Developer";
				"CODE_SIGN_IDENTITY[sdk=iphoneos*]" = "iPhone Developer";
				INFOPLIST_FILE = "News(oc)/Info.plist";
				IPHONEOS_DEPLOYMENT_TARGET = 8.4;
				LD_RUNPATH_SEARCH_PATHS = "$(inherited) @executable_path/Frameworks";
				PRODUCT_BUNDLE_IDENTIFIER = "com.test3.inltee-";
				PRODUCT_NAME = "$(TARGET_NAME)";
				PROVISIONING_PROFILE = "";
			};
			name = Debug;
		};
		0641ADD61CAAC7650069559F /* Release */ = {
			isa = XCBuildConfiguration;
			buildSettings = {
				ASSETCATALOG_COMPILER_APPICON_NAME = AppIcon;
				CODE_SIGN_IDENTITY = "iPhone Developer";
				"CODE_SIGN_IDENTITY[sdk=iphoneos*]" = "iPhone Developer";
				INFOPLIST_FILE = "News(oc)/Info.plist";
				IPHONEOS_DEPLOYMENT_TARGET = 8.4;
				LD_RUNPATH_SEARCH_PATHS = "$(inherited) @executable_path/Frameworks";
				PRODUCT_BUNDLE_IDENTIFIER = "com.test3.inltee-";
				PRODUCT_NAME = "$(TARGET_NAME)";
				PROVISIONING_PROFILE = "";
			};
			name = Release;
		};
/* End XCBuildConfiguration section */

/* Begin XCConfigurationList section */
		0641ADB81CAAC7650069559F /* Build configuration list for PBXProject "News(oc)" */ = {
			isa = XCConfigurationList;
			buildConfigurations = (
				0641ADD21CAAC7650069559F /* Debug */,
				0641ADD31CAAC7650069559F /* Release */,
			);
			defaultConfigurationIsVisible = 0;
			defaultConfigurationName = Release;
		};
		0641ADD41CAAC7650069559F /* Build configuration list for PBXNativeTarget "News(oc)" */ = {
			isa = XCConfigurationList;
			buildConfigurations = (
				0641ADD51CAAC7650069559F /* Debug */,
				0641ADD61CAAC7650069559F /* Release */,
			);
			defaultConfigurationIsVisible = 0;
			defaultConfigurationName = Release;
		};
/* End XCConfigurationList section */
	};
	rootObject = 0641ADB51CAAC7650069559F /* Project object */;
}
